
Microsoft Visual Studio Solution File, Format Version 12.00
Project("{FAE04EC0-301F-11D3-BF4B-00C04F79EFBC}") = "Domain", "Domain\Domain.csproj", "{13D62574-B71E-4AAE-B076-5C80137B1F5A}"
EndProject
Project("{FAE04EC0-301F-11D3-BF4B-00C04F79EFBC}") = "Application", "Application\Application.csproj", "{556A8952-6F8F-4333-BFA2-D8CD0651437C}"
EndProject
Project("{FAE04EC0-301F-11D3-BF4B-00C04F79EFBC}") = "Presentation", "Presentation\Presentation.csproj", "{C2210BA0-7ECB-4DC7-904A-078D79A99D86}"
EndProject
Project("{FAE04EC0-301F-11D3-BF4B-00C04F79EFBC}") = "Infrastructure", "Infrastructure\Infrastructure.csproj", "{008001F7-391F-4E5F-B8CD-D6ED1C0668F5}"
EndProject
Project("{FAE04EC0-301F-11D3-BF4B-00C04F79EFBC}") = "Web", "Web\Web.csproj", "{C9F9EED3-E05E-426E-8A19-AFDC35783FC8}"
EndProject
Project("{2150E333-8FDC-42A3-9474-1A3956D46DE8}") = "Core", "Core", "{FA2B835D-E74E-4544-B66A-BE8D47BA3BCB}"
EndProject
Project("{2150E333-8FDC-42A3-9474-1A3956D46DE8}") = "External", "External", "{536F914F-88BA-4412-AB61-F48BF4C5BBE8}"
EndProject
Project("{2150E333-8FDC-42A3-9474-1A3956D46DE8}") = "Test", "Test", "{5D7F69C2-991A-4E3C-9CB5-00820F61EF19}"
EndProject
Project("{2150E333-8FDC-42A3-9474-1A3956D46DE8}") = "Src", "Src", "{EB609261-61A9-4C13-A956-9D285862A784}"
EndProject
Project("{FAE04EC0-301F-11D3-BF4B-00C04F79EFBC}") = "Architecture.Test", "Architecture.Test\Architecture.Test.csproj", "{EFCDE24E-10A4-4D43-9366-C264839FB976}"
EndProject
Global
	GlobalSection(SolutionConfigurationPlatforms) = preSolution
		Debug|Any CPU = Debug|Any CPU
		Release|Any CPU = Release|Any CPU
	EndGlobalSection
	GlobalSection(ProjectConfigurationPlatforms) = postSolution
		{13D62574-B71E-4AAE-B076-5C80137B1F5A}.Debug|Any CPU.ActiveCfg = Debug|Any CPU
		{13D62574-B71E-4AAE-B076-5C80137B1F5A}.Debug|Any CPU.Build.0 = Debug|Any CPU
		{13D62574-B71E-4AAE-B076-5C80137B1F5A}.Release|Any CPU.ActiveCfg = Release|Any CPU
		{13D62574-B71E-4AAE-B076-5C80137B1F5A}.Release|Any CPU.Build.0 = Release|Any CPU
		{556A8952-6F8F-4333-BFA2-D8CD0651437C}.Debug|Any CPU.ActiveCfg = Debug|Any CPU
		{556A8952-6F8F-4333-BFA2-D8CD0651437C}.Debug|Any CPU.Build.0 = Debug|Any CPU
		{556A8952-6F8F-4333-BFA2-D8CD0651437C}.Release|Any CPU.ActiveCfg = Release|Any CPU
		{556A8952-6F8F-4333-BFA2-D8CD0651437C}.Release|Any CPU.Build.0 = Release|Any CPU
		{C2210BA0-7ECB-4DC7-904A-078D79A99D86}.Debug|Any CPU.ActiveCfg = Debug|Any CPU
		{C2210BA0-7ECB-4DC7-904A-078D79A99D86}.Debug|Any CPU.Build.0 = Debug|Any CPU
		{C2210BA0-7ECB-4DC7-904A-078D79A99D86}.Release|Any CPU.ActiveCfg = Release|Any CPU
		{C2210BA0-7ECB-4DC7-904A-078D79A99D86}.Release|Any CPU.Build.0 = Release|Any CPU
		{008001F7-391F-4E5F-B8CD-D6ED1C0668F5}.Debug|Any CPU.ActiveCfg = Debug|Any CPU
		{008001F7-391F-4E5F-B8CD-D6ED1C0668F5}.Debug|Any CPU.Build.0 = Debug|Any CPU
		{008001F7-391F-4E5F-B8CD-D6ED1C0668F5}.Release|Any CPU.ActiveCfg = Release|Any CPU
		{008001F7-391F-4E5F-B8CD-D6ED1C0668F5}.Release|Any CPU.Build.0 = Release|Any CPU
		{C9F9EED3-E05E-426E-8A19-AFDC35783FC8}.Debug|Any CPU.ActiveCfg = Debug|Any CPU
		{C9F9EED3-E05E-426E-8A19-AFDC35783FC8}.Debug|Any CPU.Build.0 = Debug|Any CPU
		{C9F9EED3-E05E-426E-8A19-AFDC35783FC8}.Release|Any CPU.ActiveCfg = Release|Any CPU
		{C9F9EED3-E05E-426E-8A19-AFDC35783FC8}.Release|Any CPU.Build.0 = Release|Any CPU
		{EFCDE24E-10A4-4D43-9366-C264839FB976}.Debug|Any CPU.ActiveCfg = Debug|Any CPU
		{EFCDE24E-10A4-4D43-9366-C264839FB976}.Debug|Any CPU.Build.0 = Debug|Any CPU
		{EFCDE24E-10A4-4D43-9366-C264839FB976}.Release|Any CPU.ActiveCfg = Release|Any CPU
		{EFCDE24E-10A4-4D43-9366-C264839FB976}.Release|Any CPU.Build.0 = Release|Any CPU
	EndGlobalSection
	GlobalSection(NestedProjects) = preSolution
		{556A8952-6F8F-4333-BFA2-D8CD0651437C} = {FA2B835D-E74E-4544-B66A-BE8D47BA3BCB}
		{13D62574-B71E-4AAE-B076-5C80137B1F5A} = {FA2B835D-E74E-4544-B66A-BE8D47BA3BCB}
		{C2210BA0-7ECB-4DC7-904A-078D79A99D86} = {536F914F-88BA-4412-AB61-F48BF4C5BBE8}
		{008001F7-391F-4E5F-B8CD-D6ED1C0668F5} = {536F914F-88BA-4412-AB61-F48BF4C5BBE8}
		{FA2B835D-E74E-4544-B66A-BE8D47BA3BCB} = {EB609261-61A9-4C13-A956-9D285862A784}
		{536F914F-88BA-4412-AB61-F48BF4C5BBE8} = {EB609261-61A9-4C13-A956-9D285862A784}
		{C9F9EED3-E05E-426E-8A19-AFDC35783FC8} = {EB609261-61A9-4C13-A956-9D285862A784}
		{EFCDE24E-10A4-4D43-9366-C264839FB976} = {5D7F69C2-991A-4E3C-9CB5-00820F61EF19}
	EndGlobalSection
EndGlobal
